
Microsoft Visual Studio Solution File, Format Version 12.00
# Visual Studio 2013
VisualStudioVersion = 12.0.31101.0
MinimumVisualStudioVersion = 10.0.40219.1
Project("{FAE04EC0-301F-11D3-BF4B-00C04F79EFBC}") = "DBCS", "DBCS\DBCS.csproj", "{74C7E0BC-C316-47C2-ABBF-3480D76062FE}"
EndProject
Project("{FAE04EC0-301F-11D3-BF4B-00C04F79EFBC}") = "TestApplication", "TestApplication\TestApplication.csproj", "{EAE0828F-ED9E-4D71-ABA1-24E07A6A3F68}"
EndProject
Project("{FAE04EC0-301F-11D3-BF4B-00C04F79EFBC}") = "TestApplication.Web", "TestApplication.Web\TestApplication.Web.csproj", "{28619728-972F-4E92-ABA9-534D096C50AB}"
EndProject
Global
	GlobalSection(SolutionConfigurationPlatforms) = preSolution
		Debug|Any CPU = Debug|Any CPU
		Release|Any CPU = Release|Any CPU
	EndGlobalSection
	GlobalSection(ProjectConfigurationPlatforms) = postSolution
		{74C7E0BC-C316-47C2-ABBF-3480D76062FE}.Debug|Any CPU.ActiveCfg = Debug|Any CPU
		{74C7E0BC-C316-47C2-ABBF-3480D76062FE}.Debug|Any CPU.Build.0 = Debug|Any CPU
		{74C7E0BC-C316-47C2-ABBF-3480D76062FE}.Release|Any CPU.ActiveCfg = Release|Any CPU
		{74C7E0BC-C316-47C2-ABBF-3480D76062FE}.Release|Any CPU.Build.0 = Release|Any CPU
		{EAE0828F-ED9E-4D71-ABA1-24E07A6A3F68}.Debug|Any CPU.ActiveCfg = Debug|Any CPU
		{EAE0828F-ED9E-4D71-ABA1-24E07A6A3F68}.Debug|Any CPU.Build.0 = Debug|Any CPU
		{EAE0828F-ED9E-4D71-ABA1-24E07A6A3F68}.Release|Any CPU.ActiveCfg = Release|Any CPU
		{EAE0828F-ED9E-4D71-ABA1-24E07A6A3F68}.Release|Any CPU.Build.0 = Release|Any CPU
		{28619728-972F-4E92-ABA9-534D096C50AB}.Debug|Any CPU.ActiveCfg = Debug|Any CPU
		{28619728-972F-4E92-ABA9-534D096C50AB}.Debug|Any CPU.Build.0 = Debug|Any CPU
		{28619728-972F-4E92-ABA9-534D096C50AB}.Release|Any CPU.ActiveCfg = Release|Any CPU
		{28619728-972F-4E92-ABA9-534D096C50AB}.Release|Any CPU.Build.0 = Release|Any CPU
	EndGlobalSection
	GlobalSection(SolutionProperties) = preSolution
		HideSolutionNode = FALSE
	EndGlobalSection
EndGlobal
